
Microsoft Visual Studio Solution File, Format Version 12.00
# Visual Studio Version 16
VisualStudioVersion = 16.0.29306.81
MinimumVisualStudioVersion = 10.0.40219.1
Project("{FAE04EC0-301F-11D3-BF4B-00C04F79EFBC}") = "TurnirAsistentModel", "TurnirAsistentModel\TurnirAsistentModel.csproj", "{8B8C5185-76F5-46A9-A137-A60E6C17BE5E}"
EndProject
Global
	GlobalSection(SolutionConfigurationPlatforms) = preSolution
		Debug|Any CPU = Debug|Any CPU
		Release|Any CPU = Release|Any CPU
	EndGlobalSection
	GlobalSection(ProjectConfigurationPlatforms) = postSolution
		{8B8C5185-76F5-46A9-A137-A60E6C17BE5E}.Debug|Any CPU.ActiveCfg = Debug|Any CPU
		{8B8C5185-76F5-46A9-A137-A60E6C17BE5E}.Debug|Any CPU.Build.0 = Debug|Any CPU
		{8B8C5185-76F5-46A9-A137-A60E6C17BE5E}.Release|Any CPU.ActiveCfg = Release|Any CPU
		{8B8C5185-76F5-46A9-A137-A60E6C17BE5E}.Release|Any CPU.Build.0 = Release|Any CPU
	EndGlobalSection
	GlobalSection(SolutionProperties) = preSolution
		HideSolutionNode = FALSE
	EndGlobalSection
	GlobalSection(ExtensibilityGlobals) = postSolution
		SolutionGuid = {46BFF7FD-D71B-4056-8452-F58788A53B20}
	EndGlobalSection
EndGlobal
